
Microsoft Visual Studio Solution File, Format Version 12.00
# Visual Studio Version 16
VisualStudioVersion = 16.0.31005.135
MinimumVisualStudioVersion = 10.0.40219.1
Project("{8BC9CEB8-8B4A-11D0-8D11-00A0C91BC942}") = "fundamental_algorithms", "fundamental_algorithms\fundamental_algorithms.vcxproj", "{D6912FEC-9214-4585-8F0E-38C62DA98E42}"
EndProject
Project("{8BC9CEB8-8B4A-11D0-8D11-00A0C91BC942}") = "unit_tests", "unit_tests\unit_tests.vcxproj", "{770DC422-5268-4D6F-BBCE-4735EBE2A183}"
EndProject
Global
	GlobalSection(SolutionConfigurationPlatforms) = preSolution
		Debug|x64 = Debug|x64
		Release|x64 = Release|x64
	EndGlobalSection
	GlobalSection(ProjectConfigurationPlatforms) = postSolution
		{D6912FEC-9214-4585-8F0E-38C62DA98E42}.Debug|x64.ActiveCfg = Debug|x64
		{D6912FEC-9214-4585-8F0E-38C62DA98E42}.Debug|x64.Build.0 = Debug|x64
		{D6912FEC-9214-4585-8F0E-38C62DA98E42}.Release|x64.ActiveCfg = Release|x64
		{D6912FEC-9214-4585-8F0E-38C62DA98E42}.Release|x64.Build.0 = Release|x64
		{770DC422-5268-4D6F-BBCE-4735EBE2A183}.Debug|x64.ActiveCfg = Debug|x64
		{770DC422-5268-4D6F-BBCE-4735EBE2A183}.Debug|x64.Build.0 = Debug|x64
		{770DC422-5268-4D6F-BBCE-4735EBE2A183}.Release|x64.ActiveCfg = Release|x64
		{770DC422-5268-4D6F-BBCE-4735EBE2A183}.Release|x64.Build.0 = Release|x64
	EndGlobalSection
	GlobalSection(SolutionProperties) = preSolution
		HideSolutionNode = FALSE
	EndGlobalSection
	GlobalSection(ExtensibilityGlobals) = postSolution
		SolutionGuid = {A5BF8BD6-E418-40E6-8A20-C9CE68057232}
	EndGlobalSection
EndGlobal
